{
  "name": "Shawzin Thingy Mah Bob",
  "version": "0.0.0",
  "lockfileVersion": 1,
  "requires": true,
  "dependencies": {
    "diff": {
      "version": "1.0.8",
      "resolved": "https://registry.npmjs.org/diff/-/diff-1.0.8.tgz",
      "integrity": "sha1-NDJ2MI7Jkbe8giZ+1VvBQR+XFmY="
    },
    "lru-cache": {
      "version": "2.7.3",
      "resolved": "https://registry.npmjs.org/lru-cache/-/lru-cache-2.7.3.tgz",
      "integrity": "sha1-bUUk6LlV+V1PW1iFHOId1y+06VI="
    },
    "luanode-runtime": {
      "version": "0.1.0",
      "resolved": "https://registry.npmjs.org/luanode-runtime/-/luanode-runtime-0.1.0.tgz",
      "integrity": "sha1-ngBdfO0ssydJpIWzV3NEFky1NZE=",
      "requires": {
        "diff": "~1.0.8",
        "recursive-readdir": "~1.2.0"
      }
    },
    "luaparse": {
      "version": "0.2.1",
      "resolved": "https://registry.npmjs.org/luaparse/-/luaparse-0.2.1.tgz",
      "integrity": "sha1-qo9WEysN6X0388mRqd9C4OF/ZWw="
    },
    "minimatch": {
      "version": "0.3.0",
      "resolved": "https://registry.npmjs.org/minimatch/-/minimatch-0.3.0.tgz",
      "integrity": "sha1-J12O2qxPG7MyZHIInnlJyDlGmd0=",
      "requires": {
        "lru-cache": "2",
        "sigmund": "~1.0.0"
      }
    },
    "node-wav-player": {
      "version": "0.2.0",
      "resolved": "https://registry.npmjs.org/node-wav-player/-/node-wav-player-0.2.0.tgz",
      "integrity": "sha512-prtXKnjex7XciravRUC39Z+h1dBDxOwCc3TLvjqk+9Yi8dbH0T6c0Cb6u7lNAEe/8J3lX7JWFXXeBgO2krMX1Q=="
    },
    "recursive-readdir": {
      "version": "1.2.1",
      "resolved": "https://registry.npmjs.org/recursive-readdir/-/recursive-readdir-1.2.1.tgz",
      "integrity": "sha1-SXxtBiI4UnMtRx0tomPeAKYnlSw=",
      "requires": {
        "minimatch": "~0.3.0"
      }
    },
    "sigmund": {
      "version": "1.0.1",
      "resolved": "https://registry.npmjs.org/sigmund/-/sigmund-1.0.1.tgz",
      "integrity": "sha1-P/IfGYytIXX587eBhT/ZTQ0ZtZA="
    }
  }
}
